
Microsoft Visual Studio Solution File, Format Version 12.00
# Visual Studio Version 17
VisualStudioVersion = 17.2.32630.192
MinimumVisualStudioVersion = 10.0.40219.1
Project("{FAE04EC0-301F-11D3-BF4B-00C04F79EFBC}") = "ControleDeContatos", "ControleDeContatos\ControleDeContatos.csproj", "{7B3A11D6-BF72-46C2-B661-3ADBD9219B3B}"
EndProject
Global
	GlobalSection(SolutionConfigurationPlatforms) = preSolution
		Debug|Any CPU = Debug|Any CPU
		Release|Any CPU = Release|Any CPU
	EndGlobalSection
	GlobalSection(ProjectConfigurationPlatforms) = postSolution
		{7B3A11D6-BF72-46C2-B661-3ADBD9219B3B}.Debug|Any CPU.ActiveCfg = Debug|Any CPU
		{7B3A11D6-BF72-46C2-B661-3ADBD9219B3B}.Debug|Any CPU.Build.0 = Debug|Any CPU
		{7B3A11D6-BF72-46C2-B661-3ADBD9219B3B}.Release|Any CPU.ActiveCfg = Release|Any CPU
		{7B3A11D6-BF72-46C2-B661-3ADBD9219B3B}.Release|Any CPU.Build.0 = Release|Any CPU
	EndGlobalSection
	GlobalSection(SolutionProperties) = preSolution
		HideSolutionNode = FALSE
	EndGlobalSection
	GlobalSection(ExtensibilityGlobals) = postSolution
		SolutionGuid = {45736607-4609-453A-9800-703A625E77EE}
	EndGlobalSection
EndGlobal
